<Solution>
  <Folder Name="/1- Presentation/">
    <Project Path="TicketEngine.UserApi/TicketEngine.UserApi.csproj" />
  </Folder>
  <Folder Name="/2- Domain/">
    <Project Path="Domain.TicketEngine.User/Domain.TicketEngine.UserApi.csproj" Id="f3f75a96-b451-46da-9efc-fca98f613310" />
  </Folder>
  <Folder Name="/3- Infrastructure/" />
</Solution>
