<Solution>
  <Folder Name="/1- Presentation/">
    <Project Path="TicketEngine.UserApi/TicketEngine.UserApi.csproj" />
  </Folder>
  <Folder Name="/2- Domain/">
    <Project Path="Domain.TicketEngine.Client/Domain.TicketEngine.Client.csproj" Id="40effeda-2825-4804-993f-d7b5e87d457b" />
  </Folder>
  <Folder Name="/3- Infrastructure/" />
</Solution>
